// !$*UTF8*$!
{
	archiveVersion = 1;
	classes = {
	};
	objectVersion = 50;
	objects = {

/* Begin PBXBuildFile section */
		05E05ECA2564302E00BBEDDE /* AppDelegate.swift in Sources */ = {isa = PBXBuildFile; fileRef = 05E05EC92564302E00BBEDDE /* AppDelegate.swift */; };
		05E05ECC2564302E00BBEDDE /* SceneDelegate.swift in Sources */ = {isa = PBXBuildFile; fileRef = 05E05ECB2564302E00BBEDDE /* SceneDelegate.swift */; };
		05E05ED12564302E00BBEDDE /* Main.storyboard in Resources */ = {isa = PBXBuildFile; fileRef = 05E05ECF2564302E00BBEDDE /* Main.storyboard */; };
		05E05ED32564303100BBEDDE /* Assets.xcassets in Resources */ = {isa = PBXBuildFile; fileRef = 05E05ED22564303100BBEDDE /* Assets.xcassets */; };
		05E05ED62564303100BBEDDE /* LaunchScreen.storyboard in Resources */ = {isa = PBXBuildFile; fileRef = 05E05ED42564303100BBEDDE /* LaunchScreen.storyboard */; };
		05E05EE5256430C300BBEDDE /* Photo.swift in Sources */ = {isa = PBXBuildFile; fileRef = 05E05EE4256430C300BBEDDE /* Photo.swift */; };
		05E05EE92564310500BBEDDE /* PhotoController.swift in Sources */ = {isa = PBXBuildFile; fileRef = 05E05EE82564310500BBEDDE /* PhotoController.swift */; };
		05E05EEC2564337400BBEDDE /* ThemeHelper.swift in Sources */ = {isa = PBXBuildFile; fileRef = 05E05EEB2564337400BBEDDE /* ThemeHelper.swift */; };
/* End PBXBuildFile section */

/* Begin PBXFileReference section */
		05E05EC62564302E00BBEDDE /* PhotoCollection.app */ = {isa = PBXFileReference; explicitFileType = wrapper.application; includeInIndex = 0; path = PhotoCollection.app; sourceTree = BUILT_PRODUCTS_DIR; };
		05E05EC92564302E00BBEDDE /* AppDelegate.swift */ = {isa = PBXFileReference; lastKnownFileType = sourcecode.swift; path = AppDelegate.swift; sourceTree = "<group>"; };
		05E05ECB2564302E00BBEDDE /* SceneDelegate.swift */ = {isa = PBXFileReference; lastKnownFileType = sourcecode.swift; path = SceneDelegate.swift; sourceTree = "<group>"; };
		05E05ED02564302E00BBEDDE /* Base */ = {isa = PBXFileReference; lastKnownFileType = file.storyboard; name = Base; path = Base.lproj/Main.storyboard; sourceTree = "<group>"; };
		05E05ED22564303100BBEDDE /* Assets.xcassets */ = {isa = PBXFileReference; lastKnownFileType = folder.assetcatalog; path = Assets.xcassets; sourceTree = "<group>"; };
		05E05ED52564303100BBEDDE /* Base */ = {isa = PBXFileReference; lastKnownFileType = file.storyboard; name = Base; path = Base.lproj/LaunchScreen.storyboard; sourceTree = "<group>"; };
		05E05ED72564303200BBEDDE /* Info.plist */ = {isa = PBXFileReference; lastKnownFileType = text.plist.xml; path = Info.plist; sourceTree = "<group>"; };
		05E05EE4256430C300BBEDDE /* Photo.swift */ = {isa = PBXFileReference; lastKnownFileType = sourcecode.swift; path = Photo.swift; sourceTree = "<group>"; };
		05E05EE82564310500BBEDDE /* PhotoController.swift */ = {isa = PBXFileReference; lastKnownFileType = sourcecode.swift; path = PhotoController.swift; sourceTree = "<group>"; };
		05E05EEB2564337400BBEDDE /* ThemeHelper.swift */ = {isa = PBXFileReference; lastKnownFileType = sourcecode.swift; path = ThemeHelper.swift; sourceTree = "<group>"; };
/* End PBXFileReference section */

/* Begin PBXFrameworksBuildPhase section */
		05E05EC32564302E00BBEDDE /* Frameworks */ = {
			isa = PBXFrameworksBuildPhase;
			buildActionMask = 2147483647;
			files = (
			);
			runOnlyForDeploymentPostprocessing = 0;
		};
/* End PBXFrameworksBuildPhase section */

/* Begin PBXGroup section */
		05E05EBD2564302E00BBEDDE = {
			isa = PBXGroup;
			children = (
				05E05EC82564302E00BBEDDE /* PhotoCollection */,
				05E05EC72564302E00BBEDDE /* Products */,
			);
			sourceTree = "<group>";
		};
		05E05EC72564302E00BBEDDE /* Products */ = {
			isa = PBXGroup;
			children = (
				05E05EC62564302E00BBEDDE /* PhotoCollection.app */,
			);
			name = Products;
			sourceTree = "<group>";
		};
		05E05EC82564302E00BBEDDE /* PhotoCollection */ = {
			isa = PBXGroup;
			children = (
				05E05EE3256430AE00BBEDDE /* View Controllers */,
				05E05EE2256430A500BBEDDE /* View */,
				05E05EE12564309600BBEDDE /* Model Controller */,
				05E05EE02564308A00BBEDDE /* Model */,
				05E05EDF2564307F00BBEDDE /* Resources */,
				05E05ED72564303200BBEDDE /* Info.plist */,
			);
			path = PhotoCollection;
			sourceTree = "<group>";
		};
		05E05EDF2564307F00BBEDDE /* Resources */ = {
			isa = PBXGroup;
			children = (
				05E05EC92564302E00BBEDDE /* AppDelegate.swift */,
				05E05ECB2564302E00BBEDDE /* SceneDelegate.swift */,
				05E05ECF2564302E00BBEDDE /* Main.storyboard */,
				05E05ED22564303100BBEDDE /* Assets.xcassets */,
				05E05ED42564303100BBEDDE /* LaunchScreen.storyboard */,
				05E05EEB2564337400BBEDDE /* ThemeHelper.swift */,
			);
			path = Resources;
			sourceTree = "<group>";
		};
		05E05EE02564308A00BBEDDE /* Model */ = {
			isa = PBXGroup;
			children = (
				05E05EE4256430C300BBEDDE /* Photo.swift */,
			);
			path = Model;
			sourceTree = "<group>";
		};
		05E05EE12564309600BBEDDE /* Model Controller */ = {
			isa = PBXGroup;
			children = (
				05E05EE82564310500BBEDDE /* PhotoController.swift */,
			);
			path = "Model Controller";
			sourceTree = "<group>";
		};
		05E05EE2256430A500BBEDDE /* View */ = {
			isa = PBXGroup;
			children = (
			);
			path = View;
			sourceTree = "<group>";
		};
		05E05EE3256430AE00BBEDDE /* View Controllers */ = {
			isa = PBXGroup;
			children = (
			);
			path = "View Controllers";
			sourceTree = "<group>";
		};
/* End PBXGroup section */

/* Begin PBXNativeTarget section */
		05E05EC52564302E00BBEDDE /* PhotoCollection */ = {
			isa = PBXNativeTarget;
			buildConfigurationList = 05E05EDA2564303200BBEDDE /* Build configuration list for PBXNativeTarget "PhotoCollection" */;
			buildPhases = (
				05E05EC22564302E00BBEDDE /* Sources */,
				05E05EC32564302E00BBEDDE /* Frameworks */,
				05E05EC42564302E00BBEDDE /* Resources */,
			);
			buildRules = (
			);
			dependencies = (
			);
			name = PhotoCollection;
			productName = PhotoCollection;
			productReference = 05E05EC62564302E00BBEDDE /* PhotoCollection.app */;
			productType = "com.apple.product-type.application";
		};
/* End PBXNativeTarget section */

/* Begin PBXProject section */
		05E05EBE2564302E00BBEDDE /* Project object */ = {
			isa = PBXProject;
			attributes = {
				LastSwiftUpdateCheck = 1220;
				LastUpgradeCheck = 1220;
				TargetAttributes = {
					05E05EC52564302E00BBEDDE = {
						CreatedOnToolsVersion = 12.2;
					};
				};
			};
			buildConfigurationList = 05E05EC12564302E00BBEDDE /* Build configuration list for PBXProject "PhotoCollection" */;
			compatibilityVersion = "Xcode 9.3";
			developmentRegion = en;
			hasScannedForEncodings = 0;
			knownRegions = (
				en,
				Base,
			);
			mainGroup = 05E05EBD2564302E00BBEDDE;
			productRefGroup = 05E05EC72564302E00BBEDDE /* Products */;
			projectDirPath = "";
			projectRoot = "";
			targets = (
				05E05EC52564302E00BBEDDE /* PhotoCollection */,
			);
		};
/* End PBXProject section */

/* Begin PBXResourcesBuildPhase section */
		05E05EC42564302E00BBEDDE /* Resources */ = {
			isa = PBXResourcesBuildPhase;
			buildActionMask = 2147483647;
			files = (
				05E05ED62564303100BBEDDE /* LaunchScreen.storyboard in Resources */,
				05E05ED32564303100BBEDDE /* Assets.xcassets in Resources */,
				05E05ED12564302E00BBEDDE /* Main.storyboard in Resources */,
			);
			runOnlyForDeploymentPostprocessing = 0;
		};
/* End PBXResourcesBuildPhase section */

/* Begin PBXSourcesBuildPhase section */
		05E05EC22564302E00BBEDDE /* Sources */ = {
			isa = PBXSourcesBuildPhase;
			buildActionMask = 2147483647;
			files = (
				05E05EE5256430C300BBEDDE /* Photo.swift in Sources */,
				05E05ECA2564302E00BBEDDE /* AppDelegate.swift in Sources */,
				05E05EE92564310500BBEDDE /* PhotoController.swift in Sources */,
				05E05EEC2564337400BBEDDE /* ThemeHelper.swift in Sources */,
				05E05ECC2564302E00BBEDDE /* SceneDelegate.swift in Sources */,
			);
			runOnlyForDeploymentPostprocessing = 0;
		};
/* End PBXSourcesBuildPhase section */

/* Begin PBXVariantGroup section */
		05E05ECF2564302E00BBEDDE /* Main.storyboard */ = {
			isa = PBXVariantGroup;
			children = (
				05E05ED02564302E00BBEDDE /* Base */,
			);
			name = Main.storyboard;
			sourceTree = "<group>";
		};
		05E05ED42564303100BBEDDE /* LaunchScreen.storyboard */ = {
			isa = PBXVariantGroup;
			children = (
				05E05ED52564303100BBEDDE /* Base */,
			);
			name = LaunchScreen.storyboard;
			sourceTree = "<group>";
		};
/* End PBXVariantGroup section */

/* Begin XCBuildConfiguration section */
		05E05ED82564303200BBEDDE /* Debug */ = {
			isa = XCBuildConfiguration;
			buildSettings = {
				ALWAYS_SEARCH_USER_PATHS = NO;
				CLANG_ANALYZER_NONNULL = YES;
				CLANG_ANALYZER_NUMBER_OBJECT_CONVERSION = YES_AGGRESSIVE;
				CLANG_CXX_LANGUAGE_STANDARD = "gnu++14";
				CLANG_CXX_LIBRARY = "libc++";
				CLANG_ENABLE_MODULES = YES;
				CLANG_ENABLE_OBJC_ARC = YES;
				CLANG_ENABLE_OBJC_WEAK = YES;
				CLANG_WARN_BLOCK_CAPTURE_AUTORELEASING = YES;
				CLANG_WARN_BOOL_CONVERSION = YES;
				CLANG_WARN_COMMA = YES;
				CLANG_WARN_CONSTANT_CONVERSION = YES;
				CLANG_WARN_DEPRECATED_OBJC_IMPLEMENTATIONS = YES;
				CLANG_WARN_DIRECT_OBJC_ISA_USAGE = YES_ERROR;
				CLANG_WARN_DOCUMENTATION_COMMENTS = YES;
				CLANG_WARN_EMPTY_BODY = YES;
				CLANG_WARN_ENUM_CONVERSION = YES;
				CLANG_WARN_INFINITE_RECURSION = YES;
				CLANG_WARN_INT_CONVERSION = YES;
				CLANG_WARN_NON_LITERAL_NULL_CONVERSION = YES;
				CLANG_WARN_OBJC_IMPLICIT_RETAIN_SELF = YES;
				CLANG_WARN_OBJC_LITERAL_CONVERSION = YES;
				CLANG_WARN_OBJC_ROOT_CLASS = YES_ERROR;
				CLANG_WARN_QUOTED_INCLUDE_IN_FRAMEWORK_HEADER = YES;
				CLANG_WARN_RANGE_LOOP_ANALYSIS = YES;
				CLANG_WARN_STRICT_PROTOTYPES = YES;
				CLANG_WARN_SUSPICIOUS_MOVE = YES;
				CLANG_WARN_UNGUARDED_AVAILABILITY = YES_AGGRESSIVE;
				CLANG_WARN_UNREACHABLE_CODE = YES;
				CLANG_WARN__DUPLICATE_METHOD_MATCH = YES;
				COPY_PHASE_STRIP = NO;
				DEBUG_INFORMATION_FORMAT = dwarf;
				ENABLE_STRICT_OBJC_MSGSEND = YES;
				ENABLE_TESTABILITY = YES;
				GCC_C_LANGUAGE_STANDARD = gnu11;
				GCC_DYNAMIC_NO_PIC = NO;
				GCC_NO_COMMON_BLOCKS = YES;
				GCC_OPTIMIZATION_LEVEL = 0;
				GCC_PREPROCESSOR_DEFINITIONS = (
					"DEBUG=1",
					"$(inherited)",
				);
				GCC_WARN_64_TO_32_BIT_CONVERSION = YES;
				GCC_WARN_ABOUT_RETURN_TYPE = YES_ERROR;
				GCC_WARN_UNDECLARED_SELECTOR = YES;
				GCC_WARN_UNINITIALIZED_AUTOS = YES_AGGRESSIVE;
				GCC_WARN_UNUSED_FUNCTION = YES;
				GCC_WARN_UNUSED_VARIABLE = YES;
				IPHONEOS_DEPLOYMENT_TARGET = 14.2;
				MTL_ENABLE_DEBUG_INFO = INCLUDE_SOURCE;
				MTL_FAST_MATH = YES;
				ONLY_ACTIVE_ARCH = YES;
				SDKROOT = iphoneos;
				SWIFT_ACTIVE_COMPILATION_CONDITIONS = DEBUG;
				SWIFT_OPTIMIZATION_LEVEL = "-Onone";
			};
			name = Debug;
		};
		05E05ED92564303200BBEDDE /* Release */ = {
			isa = XCBuildConfiguration;
			buildSettings = {
				ALWAYS_SEARCH_USER_PATHS = NO;
				CLANG_ANALYZER_NONNULL = YES;
				CLANG_ANALYZER_NUMBER_OBJECT_CONVERSION = YES_AGGRESSIVE;
				CLANG_CXX_LANGUAGE_STANDARD = "gnu++14";
				CLANG_CXX_LIBRARY = "libc++";
				CLANG_ENABLE_MODULES = YES;
				CLANG_ENABLE_OBJC_ARC = YES;
				CLANG_ENABLE_OBJC_WEAK = YES;
				CLANG_WARN_BLOCK_CAPTURE_AUTORELEASING = YES;
				CLANG_WARN_BOOL_CONVERSION = YES;
				CLANG_WARN_COMMA = YES;
				CLANG_WARN_CONSTANT_CONVERSION = YES;
				CLANG_WARN_DEPRECATED_OBJC_IMPLEMENTATIONS = YES;
				CLANG_WARN_DIRECT_OBJC_ISA_USAGE = YES_ERROR;
				CLANG_WARN_DOCUMENTATION_COMMENTS = YES;
				CLANG_WARN_EMPTY_BODY = YES;
				CLANG_WARN_ENUM_CONVERSION = YES;
				CLANG_WARN_INFINITE_RECURSION = YES;
				CLANG_WARN_INT_CONVERSION = YES;
				CLANG_WARN_NON_LITERAL_NULL_CONVERSION = YES;
				CLANG_WARN_OBJC_IMPLICIT_RETAIN_SELF = YES;
				CLANG_WARN_OBJC_LITERAL_CONVERSION = YES;
				CLANG_WARN_OBJC_ROOT_CLASS = YES_ERROR;
				CLANG_WARN_QUOTED_INCLUDE_IN_FRAMEWORK_HEADER = YES;
				CLANG_WARN_RANGE_LOOP_ANALYSIS = YES;
				CLANG_WARN_STRICT_PROTOTYPES = YES;
				CLANG_WARN_SUSPICIOUS_MOVE = YES;
				CLANG_WARN_UNGUARDED_AVAILABILITY = YES_AGGRESSIVE;
				CLANG_WARN_UNREACHABLE_CODE = YES;
				CLANG_WARN__DUPLICATE_METHOD_MATCH = YES;
				COPY_PHASE_STRIP = NO;
				DEBUG_INFORMATION_FORMAT = "dwarf-with-dsym";
				ENABLE_NS_ASSERTIONS = NO;
				ENABLE_STRICT_OBJC_MSGSEND = YES;
				GCC_C_LANGUAGE_STANDARD = gnu11;
				GCC_NO_COMMON_BLOCKS = YES;
				GCC_WARN_64_TO_32_BIT_CONVERSION = YES;
				GCC_WARN_ABOUT_RETURN_TYPE = YES_ERROR;
				GCC_WARN_UNDECLARED_SELECTOR = YES;
				GCC_WARN_UNINITIALIZED_AUTOS = YES_AGGRESSIVE;
				GCC_WARN_UNUSED_FUNCTION = YES;
				GCC_WARN_UNUSED_VARIABLE = YES;
				IPHONEOS_DEPLOYMENT_TARGET = 14.2;
				MTL_ENABLE_DEBUG_INFO = NO;
				MTL_FAST_MATH = YES;
				SDKROOT = iphoneos;
				SWIFT_COMPILATION_MODE = wholemodule;
				SWIFT_OPTIMIZATION_LEVEL = "-O";
				VALIDATE_PRODUCT = YES;
			};
			name = Release;
		};
		05E05EDB2564303200BBEDDE /* Debug */ = {
			isa = XCBuildConfiguration;
			buildSettings = {
				ASSETCATALOG_COMPILER_APPICON_NAME = AppIcon;
				ASSETCATALOG_COMPILER_GLOBAL_ACCENT_COLOR_NAME = AccentColor;
				CODE_SIGN_STYLE = Automatic;
				DEVELOPMENT_TEAM = 7A3R2B8SCD;
				INFOPLIST_FILE = PhotoCollection/Info.plist;
				LD_RUNPATH_SEARCH_PATHS = (
					"$(inherited)",
					"@executable_path/Frameworks",
				);
				PRODUCT_BUNDLE_IDENTIFIER = com.MarcJacques.PhotoCollection;
				PRODUCT_NAME = "$(TARGET_NAME)";
				SWIFT_VERSION = 5.0;
				TARGETED_DEVICE_FAMILY = "1,2";
			};
			name = Debug;
		};
		05E05EDC2564303200BBEDDE /* Release */ = {
			isa = XCBuildConfiguration;
			buildSettings = {
				ASSETCATALOG_COMPILER_APPICON_NAME = AppIcon;
				ASSETCATALOG_COMPILER_GLOBAL_ACCENT_COLOR_NAME = AccentColor;
				CODE_SIGN_STYLE = Automatic;
				DEVELOPMENT_TEAM = 7A3R2B8SCD;
				INFOPLIST_FILE = PhotoCollection/Info.plist;
				LD_RUNPATH_SEARCH_PATHS = (
					"$(inherited)",
					"@executable_path/Frameworks",
				);
				PRODUCT_BUNDLE_IDENTIFIER = com.MarcJacques.PhotoCollection;
				PRODUCT_NAME = "$(TARGET_NAME)";
				SWIFT_VERSION = 5.0;
				TARGETED_DEVICE_FAMILY = "1,2";
			};
			name = Release;
		};
/* End XCBuildConfiguration section */

/* Begin XCConfigurationList section */
		05E05EC12564302E00BBEDDE /* Build configuration list for PBXProject "PhotoCollection" */ = {
			isa = XCConfigurationList;
			buildConfigurations = (
				05E05ED82564303200BBEDDE /* Debug */,
				05E05ED92564303200BBEDDE /* Release */,
			);
			defaultConfigurationIsVisible = 0;
			defaultConfigurationName = Release;
		};
		05E05EDA2564303200BBEDDE /* Build configuration list for PBXNativeTarget "PhotoCollection" */ = {
			isa = XCConfigurationList;
			buildConfigurations = (
				05E05EDB2564303200BBEDDE /* Debug */,
				05E05EDC2564303200BBEDDE /* Release */,
			);
			defaultConfigurationIsVisible = 0;
			defaultConfigurationName = Release;
		};
/* End XCConfigurationList section */
	};
	rootObject = 05E05EBE2564302E00BBEDDE /* Project object */;
}
